{
  "name": "@krossr/client",
  "version": "0.0.1",
  "lockfileVersion": 1,
  "requires": true,
  "dependencies": {
    "@angular/cdk": {
      "version": "9.2.4",
      "resolved": "https://registry.npmjs.org/@angular/cdk/-/cdk-9.2.4.tgz",
      "integrity": "sha512-iw2+qHMXHYVC6K/fttHeNHIieSKiTEodVutZoOEcBu9rmRTGbLB26V/CRsfIRmA1RBk+uFYWc6UQZnMC3RdnJQ==",
      "dev": true,
      "requires": {
        "parse5": "^5.0.0"
      }
    },
    "@angular/common": {
      "version": "9.1.12",
      "resolved": "https://registry.npmjs.org/@angular/common/-/common-9.1.12.tgz",
      "integrity": "sha512-XSIqkbM6VV1yixF9zuzeE5eqN1VsiXS517K2VU0XgCRSAzhVhLOeKsdYjeLf7PdSu/HgW/Tr81H+isi9A9I0YA==",
      "dev": true
    },
    "@angular/core": {
      "version": "9.1.12",
      "resolved": "https://registry.npmjs.org/@angular/core/-/core-9.1.12.tgz",
      "integrity": "sha512-WVA/eh3fzjx0apOzkKot4YRRUsGkHj50zFQWrAOMgivGaj1YVrvhf+m3hpglj5fn/BkLiFDl8RT0wAE8z9X+gQ==",
      "dev": true
    },
    "@angular/material": {
      "version": "9.2.4",
      "resolved": "https://registry.npmjs.org/@angular/material/-/material-9.2.4.tgz",
      "integrity": "sha512-LkoTXE6B0slvMhvfZDdPWaz4yaYLkaAp5VSPunI9pxGsPxzqEV9e210wC1/sjG/76Nk8Ep7/2z9XKac8Q9bMwA==",
      "dev": true
    },
    "@uirouter/angular": {
      "version": "6.0.2",
      "resolved": "https://registry.npmjs.org/@uirouter/angular/-/angular-6.0.2.tgz",
      "integrity": "sha512-M3TYNPTTrNlMtPcMhQ69FsPuPCQ0qtzaxw5e5Uswdu0BtyYAcy6f2NLBHbDrryOvrQHwuAQwJTggjcyXh5iUkA==",
      "dev": true,
      "requires": {
        "tslib": "^1.9.0"
      }
    },
    "@uirouter/core": {
      "version": "6.0.5",
      "resolved": "https://registry.npmjs.org/@uirouter/core/-/core-6.0.5.tgz",
      "integrity": "sha512-WN2HyELsxvqLaCMYCWojGW/QLRBgFBfwyERp5jC3Vn1njo/FLI5hplVqWMu6LIGp6Hpz3pbdtSaiFb1iY7iTVw==",
      "dev": true
    },
    "@uirouter/rx": {
      "version": "0.6.5",
      "resolved": "https://registry.npmjs.org/@uirouter/rx/-/rx-0.6.5.tgz",
      "integrity": "sha512-srGdX+BAVTfpZ1Kl7tvdEN1ss8yctKO4YrGyy9E/4s80bGFp4KMe9Qf2L3UHn0iugBZlX7Nbmp305AQSzWXYrw==",
      "dev": true
    },
    "parse5": {
      "version": "5.1.1",
      "resolved": "https://registry.npmjs.org/parse5/-/parse5-5.1.1.tgz",
      "integrity": "sha512-ugq4DFI0Ptb+WWjAdOK16+u/nHfiIrcE+sh8kZMaM0WllQKLI9rOUq6c2b7cwPkXdzfQESqvoqK6ug7U/Yyzug==",
      "dev": true,
      "optional": true
    },
    "tslib": {
      "version": "1.13.0",
      "resolved": "https://registry.npmjs.org/tslib/-/tslib-1.13.0.tgz",
      "integrity": "sha512-i/6DQjL8Xf3be4K/E6Wgpekn5Qasl1usyw++dAA35Ue5orEn65VIxOA+YvNNl9HV3qv70T7CNwjODHZrLwvd1Q=="
    }
  }
}
