{
  "name": "@krossr/client",
  "version": "0.0.1",
  "lockfileVersion": 1,
  "requires": true,
  "dependencies": {
    "@angular/cdk": {
      "version": "10.1.2",
      "resolved": "https://registry.npmjs.org/@angular/cdk/-/cdk-10.1.2.tgz",
      "integrity": "sha512-nK2+UppQvD8wz4Ur0MAa9mVKa1rZsJLYmJtZzQ0tRNFdgdhCQZe/PIYxvrR0uByoe5lYsjtKESjltb9PxZE08g==",
      "dev": true,
      "requires": {
        "parse5": "^5.0.0",
        "tslib": "^2.0.0"
      },
      "dependencies": {
        "tslib": {
          "version": "2.0.1",
          "resolved": "https://registry.npmjs.org/tslib/-/tslib-2.0.1.tgz",
          "integrity": "sha512-SgIkNheinmEBgx1IUNirK0TUD4X9yjjBRTqqjggWCU3pUEqIk3/Uwl3yRixYKT6WjQuGiwDv4NomL3wqRCj+CQ==",
          "dev": true
        }
      }
    },
    "@angular/common": {
      "version": "10.0.8",
      "resolved": "https://registry.npmjs.org/@angular/common/-/common-10.0.8.tgz",
      "integrity": "sha512-Nzk5ckQ8y/qvTmqRdzpwUQELYD9N6DJC5yPWQw+remlkUTw24KX4KMUnt9Iy/2eFQC65MhZoTwostuKpjffrlQ==",
      "dev": true,
      "requires": {
        "tslib": "^2.0.0"
      },
      "dependencies": {
        "tslib": {
          "version": "2.0.1",
          "resolved": "https://registry.npmjs.org/tslib/-/tslib-2.0.1.tgz",
          "integrity": "sha512-SgIkNheinmEBgx1IUNirK0TUD4X9yjjBRTqqjggWCU3pUEqIk3/Uwl3yRixYKT6WjQuGiwDv4NomL3wqRCj+CQ==",
          "dev": true
        }
      }
    },
    "@angular/core": {
      "version": "10.0.8",
      "resolved": "https://registry.npmjs.org/@angular/core/-/core-10.0.8.tgz",
      "integrity": "sha512-52M1krR/TRZsV9WKPd+r7IPVT8c5Nh+Im1z3/ZY7rG0HmxXsV7YzuTuKV7oyHbWPg0WPJAwyH0+qxBK3kpvc8w==",
      "dev": true,
      "requires": {
        "tslib": "^2.0.0"
      },
      "dependencies": {
        "tslib": {
          "version": "2.0.1",
          "resolved": "https://registry.npmjs.org/tslib/-/tslib-2.0.1.tgz",
          "integrity": "sha512-SgIkNheinmEBgx1IUNirK0TUD4X9yjjBRTqqjggWCU3pUEqIk3/Uwl3yRixYKT6WjQuGiwDv4NomL3wqRCj+CQ==",
          "dev": true
        }
      }
    },
    "@angular/material": {
      "version": "10.1.2",
      "resolved": "https://registry.npmjs.org/@angular/material/-/material-10.1.2.tgz",
      "integrity": "sha512-iNSfkPdRfXPW+VJQ66qKQvmR5FCQY/ZP1Vz+bi+fYsdNrT/yYEA8UT9xcAMw5C14i4d86zpIk3hSC0hz+9vQtQ==",
      "dev": true,
      "requires": {
        "tslib": "^2.0.0"
      },
      "dependencies": {
        "tslib": {
          "version": "2.0.1",
          "resolved": "https://registry.npmjs.org/tslib/-/tslib-2.0.1.tgz",
          "integrity": "sha512-SgIkNheinmEBgx1IUNirK0TUD4X9yjjBRTqqjggWCU3pUEqIk3/Uwl3yRixYKT6WjQuGiwDv4NomL3wqRCj+CQ==",
          "dev": true
        }
      }
    },
    "@angular/platform-browser": {
      "version": "10.0.9",
      "resolved": "https://registry.npmjs.org/@angular/platform-browser/-/platform-browser-10.0.9.tgz",
      "integrity": "sha512-y6d2CLj6ZM0NpJGH5yfNBTVyMiOwUXFfVRw52MWQ4Kt2Auk0EROG6dWAVL0XcE9OGXBI/U/4wemmQ9LQy7wLSA==",
      "dev": true,
      "requires": {
        "tslib": "^2.0.0"
      },
      "dependencies": {
        "tslib": {
          "version": "2.0.1",
          "resolved": "https://registry.npmjs.org/tslib/-/tslib-2.0.1.tgz",
          "integrity": "sha512-SgIkNheinmEBgx1IUNirK0TUD4X9yjjBRTqqjggWCU3pUEqIk3/Uwl3yRixYKT6WjQuGiwDv4NomL3wqRCj+CQ==",
          "dev": true
        }
      }
    },
    "@angular/platform-browser-dynamic": {
      "version": "10.0.9",
      "resolved": "https://registry.npmjs.org/@angular/platform-browser-dynamic/-/platform-browser-dynamic-10.0.9.tgz",
      "integrity": "sha512-iRkBAErsYNG5lPglA8bZfsKQTuVBAl6IVc0TNlGNCePQM1blZ0f2BjMoqBWrbTi5xGgGu2cmJcy9M6hob2sgzw==",
      "dev": true,
      "requires": {
        "tslib": "^2.0.0"
      },
      "dependencies": {
        "tslib": {
          "version": "2.0.1",
          "resolved": "https://registry.npmjs.org/tslib/-/tslib-2.0.1.tgz",
          "integrity": "sha512-SgIkNheinmEBgx1IUNirK0TUD4X9yjjBRTqqjggWCU3pUEqIk3/Uwl3yRixYKT6WjQuGiwDv4NomL3wqRCj+CQ==",
          "dev": true
        }
      }
    },
    "@uirouter/angular": {
      "version": "6.0.2",
      "resolved": "https://registry.npmjs.org/@uirouter/angular/-/angular-6.0.2.tgz",
      "integrity": "sha512-M3TYNPTTrNlMtPcMhQ69FsPuPCQ0qtzaxw5e5Uswdu0BtyYAcy6f2NLBHbDrryOvrQHwuAQwJTggjcyXh5iUkA==",
      "dev": true,
      "requires": {
        "tslib": "^1.9.0"
      }
    },
    "@uirouter/core": {
      "version": "6.0.5",
      "resolved": "https://registry.npmjs.org/@uirouter/core/-/core-6.0.5.tgz",
      "integrity": "sha512-WN2HyELsxvqLaCMYCWojGW/QLRBgFBfwyERp5jC3Vn1njo/FLI5hplVqWMu6LIGp6Hpz3pbdtSaiFb1iY7iTVw==",
      "dev": true
    },
    "@uirouter/rx": {
      "version": "0.6.5",
      "resolved": "https://registry.npmjs.org/@uirouter/rx/-/rx-0.6.5.tgz",
      "integrity": "sha512-srGdX+BAVTfpZ1Kl7tvdEN1ss8yctKO4YrGyy9E/4s80bGFp4KMe9Qf2L3UHn0iugBZlX7Nbmp305AQSzWXYrw==",
      "dev": true
    },
    "parse5": {
      "version": "5.1.1",
      "resolved": "https://registry.npmjs.org/parse5/-/parse5-5.1.1.tgz",
      "integrity": "sha512-ugq4DFI0Ptb+WWjAdOK16+u/nHfiIrcE+sh8kZMaM0WllQKLI9rOUq6c2b7cwPkXdzfQESqvoqK6ug7U/Yyzug==",
      "dev": true,
      "optional": true
    },
    "tslib": {
      "version": "1.13.0",
      "resolved": "https://registry.npmjs.org/tslib/-/tslib-1.13.0.tgz",
      "integrity": "sha512-i/6DQjL8Xf3be4K/E6Wgpekn5Qasl1usyw++dAA35Ue5orEn65VIxOA+YvNNl9HV3qv70T7CNwjODHZrLwvd1Q=="
    }
  }
}
